
Microsoft Visual Studio Solution File, Format Version 12.00
# Visual Studio Version 17
VisualStudioVersion = 17.5.33414.496
MinimumVisualStudioVersion = 10.0.40219.1
Project("{FAE04EC0-301F-11D3-BF4B-00C04F79EFBC}") = "TestAutomation", "TestAutomation\TestAutomation.csproj", "{468D80D7-86E1-449F-BF56-6CFA18B572DB}"
EndProject
Global
	GlobalSection(SolutionConfigurationPlatforms) = preSolution
		Debug|Any CPU = Debug|Any CPU
		Release|Any CPU = Release|Any CPU
	EndGlobalSection
	GlobalSection(ProjectConfigurationPlatforms) = postSolution
		{468D80D7-86E1-449F-BF56-6CFA18B572DB}.Debug|Any CPU.ActiveCfg = Debug|Any CPU
		{468D80D7-86E1-449F-BF56-6CFA18B572DB}.Debug|Any CPU.Build.0 = Debug|Any CPU
		{468D80D7-86E1-449F-BF56-6CFA18B572DB}.Release|Any CPU.ActiveCfg = Release|Any CPU
		{468D80D7-86E1-449F-BF56-6CFA18B572DB}.Release|Any CPU.Build.0 = Release|Any CPU
	EndGlobalSection
	GlobalSection(SolutionProperties) = preSolution
		HideSolutionNode = FALSE
	EndGlobalSection
	GlobalSection(ExtensibilityGlobals) = postSolution
		SolutionGuid = {09B7AA03-F631-4622-86AB-08B6BC114570}
	EndGlobalSection
EndGlobal
